{
    "_readme": [
        "This file locks the dependencies of your project to a known state",
        "Read more about it at http://getcomposer.org/doc/01-basic-usage.md#composer-lock-the-lock-file"
    ],
    "hash": "b5fb4333232d6bb5ddb789db0b6d3996",
    "packages": [
        {
            "name": "symfony/console",
            "version": "v2.4.3",
            "target-dir": "Symfony/Component/Console",
            "source": {
                "type": "git",
                "url": "https://github.com/symfony/Console.git",
                "reference": "ef20f1f58d7f693ee888353962bd2db336e3bbcb"
            },
            "dist": {
                "type": "zip",
                "url": "https://api.github.com/repos/symfony/Console/zipball/ef20f1f58d7f693ee888353962bd2db336e3bbcb",
                "reference": "ef20f1f58d7f693ee888353962bd2db336e3bbcb",
                "shasum": ""
            },
            "require": {
                "php": ">=5.3.3"
            },
            "require-dev": {
                "symfony/event-dispatcher": "~2.1"
            },
            "suggest": {
                "symfony/event-dispatcher": ""
            },
            "type": "library",
            "extra": {
                "branch-alias": {
                    "dev-master": "2.4-dev"
                }
            },
            "autoload": {
                "psr-0": {
                    "Symfony\\Component\\Console\\": ""
                }
            },
            "notification-url": "https://packagist.org/downloads/",
            "license": [
                "MIT"
            ],
            "authors": [
                {
                    "name": "Fabien Potencier",
                    "email": "fabien@symfony.com",
                    "homepage": "http://fabien.potencier.org",
                    "role": "Lead Developer"
                },
                {
                    "name": "Symfony Community",
                    "homepage": "http://symfony.com/contributors"
                }
            ],
            "description": "Symfony Console Component",
            "homepage": "http://symfony.com",
            "time": "2014-03-01 17:35:04"
        },
        {
            "name": "zendframework/zend-db",
            "version": "2.3.0",
            "target-dir": "Zend/Db",
            "source": {
                "type": "git",
                "url": "https://github.com/zendframework/Component_ZendDb.git",
                "reference": "37d573ea83b9573e2247c36fac7b370283ca673e"
            },
            "dist": {
                "type": "zip",
                "url": "https://api.github.com/repos/zendframework/Component_ZendDb/zipball/37d573ea83b9573e2247c36fac7b370283ca673e",
                "reference": "37d573ea83b9573e2247c36fac7b370283ca673e",
                "shasum": ""
            },
            "require": {
                "php": ">=5.3.23"
            },
            "require-dev": {
                "zendframework/zend-eventmanager": "self.version",
                "zendframework/zend-servicemanager": "self.version",
                "zendframework/zend-stdlib": "self.version"
            },
            "suggest": {
                "zendframework/zend-eventmanager": "Zend\\EventManager component",
                "zendframework/zend-servicemanager": "Zend\\ServiceManager component",
                "zendframework/zend-stdlib": "Zend\\Stdlib component"
            },
            "type": "library",
            "extra": {
                "branch-alias": {
                    "dev-master": "2.2-dev",
                    "dev-develop": "2.3-dev"
                }
            },
            "autoload": {
                "psr-0": {
                    "Zend\\Db\\": ""
                }
            },
            "notification-url": "https://packagist.org/downloads/",
            "license": [
                "BSD-3-Clause"
            ],
            "keywords": [
                "db",
                "zf2"
            ],
            "time": "2014-03-12 17:04:30"
        }
    ],
    "packages-dev": [

    ],
    "aliases": [

    ],
    "minimum-stability": "stable",
    "stability-flags": [

    ],
    "platform": [

    ],
    "platform-dev": [

    ]
}
